
Microsoft Visual Studio Solution File, Format Version 10.00
# Visual Studio 2008
Project("{8BC9CEB8-8B4A-11D0-8D11-00A0C91BC942}") = "uCode", "uCode\uCode.vcproj", "{2F75C8AF-8E15-4328-8F47-57FF68BEEC3B}"
EndProject
Global
	GlobalSection(SolutionConfigurationPlatforms) = preSolution
		Debug|Win32 = Debug|Win32
		Release|Win32 = Release|Win32
	EndGlobalSection
	GlobalSection(ProjectConfigurationPlatforms) = postSolution
		{2F75C8AF-8E15-4328-8F47-57FF68BEEC3B}.Debug|Win32.ActiveCfg = Debug|Win32
		{2F75C8AF-8E15-4328-8F47-57FF68BEEC3B}.Debug|Win32.Build.0 = Debug|Win32
		{2F75C8AF-8E15-4328-8F47-57FF68BEEC3B}.Release|Win32.ActiveCfg = Release|Win32
		{2F75C8AF-8E15-4328-8F47-57FF68BEEC3B}.Release|Win32.Build.0 = Release|Win32
	EndGlobalSection
	GlobalSection(SolutionProperties) = preSolution
		HideSolutionNode = FALSE
	EndGlobalSection
EndGlobal
